
Microsoft Visual Studio Solution File, Format Version 12.00
# Visual Studio Version 16
VisualStudioVersion = 16.0.29209.62
MinimumVisualStudioVersion = 10.0.40219.1
Project("{9A19103F-16F7-4668-BE54-9A1E7A4F7556}") = "ApiTwo", "ApiTwo\ApiTwo.csproj", "{F14781AC-41F1-4E96-97FC-F8B4CEE8B066}"
EndProject
Global
	GlobalSection(SolutionConfigurationPlatforms) = preSolution
		Debug|Any CPU = Debug|Any CPU
		Release|Any CPU = Release|Any CPU
	EndGlobalSection
	GlobalSection(ProjectConfigurationPlatforms) = postSolution
		{F14781AC-41F1-4E96-97FC-F8B4CEE8B066}.Debug|Any CPU.ActiveCfg = Debug|Any CPU
		{F14781AC-41F1-4E96-97FC-F8B4CEE8B066}.Debug|Any CPU.Build.0 = Debug|Any CPU
		{F14781AC-41F1-4E96-97FC-F8B4CEE8B066}.Release|Any CPU.ActiveCfg = Release|Any CPU
		{F14781AC-41F1-4E96-97FC-F8B4CEE8B066}.Release|Any CPU.Build.0 = Release|Any CPU
	EndGlobalSection
	GlobalSection(SolutionProperties) = preSolution
		HideSolutionNode = FALSE
	EndGlobalSection
	GlobalSection(ExtensibilityGlobals) = postSolution
		SolutionGuid = {120F36CE-E99C-4A6D-BFB8-CA3F5FE7F48E}
	EndGlobalSection
EndGlobal
